
Microsoft Visual Studio Solution File, Format Version 12.00
# Visual Studio Version 17
VisualStudioVersion = 17.14.37516.0 d17.14
MinimumVisualStudioVersion = 10.0.40219.1
Project("{FAE04EC0-301F-11D3-BF4B-00C04F79EFBC}") = "PacmanCS", "PacmanCS.csproj", "{7A5D536F-B160-86F2-BA24-EC46E84E93A9}"
EndProject
Global
	GlobalSection(SolutionConfigurationPlatforms) = preSolution
		Debug|Any CPU = Debug|Any CPU
		Release|Any CPU = Release|Any CPU
	EndGlobalSection
	GlobalSection(ProjectConfigurationPlatforms) = postSolution
		{7A5D536F-B160-86F2-BA24-EC46E84E93A9}.Debug|Any CPU.ActiveCfg = Debug|Any CPU
		{7A5D536F-B160-86F2-BA24-EC46E84E93A9}.Debug|Any CPU.Build.0 = Debug|Any CPU
		{7A5D536F-B160-86F2-BA24-EC46E84E93A9}.Release|Any CPU.ActiveCfg = Release|Any CPU
		{7A5D536F-B160-86F2-BA24-EC46E84E93A9}.Release|Any CPU.Build.0 = Release|Any CPU
	EndGlobalSection
	GlobalSection(SolutionProperties) = preSolution
		HideSolutionNode = FALSE
	EndGlobalSection
	GlobalSection(ExtensibilityGlobals) = postSolution
		SolutionGuid = {4C746BC9-8C04-4AF8-B985-10DDF6B3F8A0}
	EndGlobalSection
EndGlobal
